// !$*UTF8*$!
{
	archiveVersion = 1;
	classes = {
	};
	objectVersion = 48;
	objects = {

/* Begin PBXBuildFile section */
		2F5BE9E220342AC000DB3657 /* AppDelegate.swift in Sources */ = {isa = PBXBuildFile; fileRef = 2F5BE9E120342AC000DB3657 /* AppDelegate.swift */; };
		2F5BE9E420342AC000DB3657 /* ViewController.swift in Sources */ = {isa = PBXBuildFile; fileRef = 2F5BE9E320342AC000DB3657 /* ViewController.swift */; };
		2F5BE9E720342AC000DB3657 /* Main.storyboard in Resources */ = {isa = PBXBuildFile; fileRef = 2F5BE9E520342AC000DB3657 /* Main.storyboard */; };
		2F5BE9E920342AC000DB3657 /* Assets.xcassets in Resources */ = {isa = PBXBuildFile; fileRef = 2F5BE9E820342AC000DB3657 /* Assets.xcassets */; };
		2F5BE9EC20342AC000DB3657 /* LaunchScreen.storyboard in Resources */ = {isa = PBXBuildFile; fileRef = 2F5BE9EA20342AC000DB3657 /* LaunchScreen.storyboard */; };
		2F5BE9F720342AC000DB3657 /* hello_worldTests.swift in Sources */ = {isa = PBXBuildFile; fileRef = 2F5BE9F620342AC000DB3657 /* hello_worldTests.swift */; };
		2F5BEA0220342AC000DB3657 /* hello_worldUITests.swift in Sources */ = {isa = PBXBuildFile; fileRef = 2F5BEA0120342AC000DB3657 /* hello_worldUITests.swift */; };
/* End PBXBuildFile section */

/* Begin PBXContainerItemProxy section */
		2F5BE9F320342AC000DB3657 /* PBXContainerItemProxy */ = {
			isa = PBXContainerItemProxy;
			containerPortal = 2F5BE9D620342AC000DB3657 /* Project object */;
			proxyType = 1;
			remoteGlobalIDString = 2F5BE9DD20342AC000DB3657;
			remoteInfo = "hello-world";
		};
		2F5BE9FE20342AC000DB3657 /* PBXContainerItemProxy */ = {
			isa = PBXContainerItemProxy;
			containerPortal = 2F5BE9D620342AC000DB3657 /* Project object */;
			proxyType = 1;
			remoteGlobalIDString = 2F5BE9DD20342AC000DB3657;
			remoteInfo = "hello-world";
		};
/* End PBXContainerItemProxy section */

/* Begin PBXFileReference section */
		2F5BE9DE20342AC000DB3657 /* hello-world.app */ = {isa = PBXFileReference; explicitFileType = wrapper.application; includeInIndex = 0; path = "hello-world.app"; sourceTree = BUILT_PRODUCTS_DIR; };
		2F5BE9E120342AC000DB3657 /* AppDelegate.swift */ = {isa = PBXFileReference; lastKnownFileType = sourcecode.swift; path = AppDelegate.swift; sourceTree = "<group>"; };
		2F5BE9E320342AC000DB3657 /* ViewController.swift */ = {isa = PBXFileReference; lastKnownFileType = sourcecode.swift; path = ViewController.swift; sourceTree = "<group>"; };
		2F5BE9E620342AC000DB3657 /* Base */ = {isa = PBXFileReference; lastKnownFileType = file.storyboard; name = Base; path = Base.lproj/Main.storyboard; sourceTree = "<group>"; };
		2F5BE9E820342AC000DB3657 /* Assets.xcassets */ = {isa = PBXFileReference; lastKnownFileType = folder.assetcatalog; path = Assets.xcassets; sourceTree = "<group>"; };
		2F5BE9EB20342AC000DB3657 /* Base */ = {isa = PBXFileReference; lastKnownFileType = file.storyboard; name = Base; path = Base.lproj/LaunchScreen.storyboard; sourceTree = "<group>"; };
		2F5BE9ED20342AC000DB3657 /* Info.plist */ = {isa = PBXFileReference; lastKnownFileType = text.plist.xml; path = Info.plist; sourceTree = "<group>"; };
		2F5BE9F220342AC000DB3657 /* hello-worldTests.xctest */ = {isa = PBXFileReference; explicitFileType = wrapper.cfbundle; includeInIndex = 0; path = "hello-worldTests.xctest"; sourceTree = BUILT_PRODUCTS_DIR; };
		2F5BE9F620342AC000DB3657 /* hello_worldTests.swift */ = {isa = PBXFileReference; lastKnownFileType = sourcecode.swift; path = hello_worldTests.swift; sourceTree = "<group>"; };
		2F5BE9F820342AC000DB3657 /* Info.plist */ = {isa = PBXFileReference; lastKnownFileType = text.plist.xml; path = Info.plist; sourceTree = "<group>"; };
		2F5BE9FD20342AC000DB3657 /* hello-worldUITests.xctest */ = {isa = PBXFileReference; explicitFileType = wrapper.cfbundle; includeInIndex = 0; path = "hello-worldUITests.xctest"; sourceTree = BUILT_PRODUCTS_DIR; };
		2F5BEA0120342AC000DB3657 /* hello_worldUITests.swift */ = {isa = PBXFileReference; lastKnownFileType = sourcecode.swift; path = hello_worldUITests.swift; sourceTree = "<group>"; };
		2F5BEA0320342AC000DB3657 /* Info.plist */ = {isa = PBXFileReference; lastKnownFileType = text.plist.xml; path = Info.plist; sourceTree = "<group>"; };
/* End PBXFileReference section */

/* Begin PBXFrameworksBuildPhase section */
		2F5BE9DB20342AC000DB3657 /* Frameworks */ = {
			isa = PBXFrameworksBuildPhase;
			buildActionMask = 2147483647;
			files = (
			);
			runOnlyForDeploymentPostprocessing = 0;
		};
		2F5BE9EF20342AC000DB3657 /* Frameworks */ = {
			isa = PBXFrameworksBuildPhase;
			buildActionMask = 2147483647;
			files = (
			);
			runOnlyForDeploymentPostprocessing = 0;
		};
		2F5BE9FA20342AC000DB3657 /* Frameworks */ = {
			isa = PBXFrameworksBuildPhase;
			buildActionMask = 2147483647;
			files = (
			);
			runOnlyForDeploymentPostprocessing = 0;
		};
/* End PBXFrameworksBuildPhase section */

/* Begin PBXGroup section */
		2F5BE9D520342AC000DB3657 = {
			isa = PBXGroup;
			children = (
				2F5BE9E020342AC000DB3657 /* hello-world */,
				2F5BE9F520342AC000DB3657 /* hello-worldTests */,
				2F5BEA0020342AC000DB3657 /* hello-worldUITests */,
				2F5BE9DF20342AC000DB3657 /* Products */,
			);
			sourceTree = "<group>";
		};
		2F5BE9DF20342AC000DB3657 /* Products */ = {
			isa = PBXGroup;
			children = (
				2F5BE9DE20342AC000DB3657 /* hello-world.app */,
				2F5BE9F220342AC000DB3657 /* hello-worldTests.xctest */,
				2F5BE9FD20342AC000DB3657 /* hello-worldUITests.xctest */,
			);
			name = Products;
			sourceTree = "<group>";
		};
		2F5BE9E020342AC000DB3657 /* hello-world */ = {
			isa = PBXGroup;
			children = (
				2F5BE9E120342AC000DB3657 /* AppDelegate.swift */,
				2F5BE9E320342AC000DB3657 /* ViewController.swift */,
				2F5BE9E520342AC000DB3657 /* Main.storyboard */,
				2F5BE9E820342AC000DB3657 /* Assets.xcassets */,
				2F5BE9EA20342AC000DB3657 /* LaunchScreen.storyboard */,
				2F5BE9ED20342AC000DB3657 /* Info.plist */,
			);
			path = "hello-world";
			sourceTree = "<group>";
		};
		2F5BE9F520342AC000DB3657 /* hello-worldTests */ = {
			isa = PBXGroup;
			children = (
				2F5BE9F620342AC000DB3657 /* hello_worldTests.swift */,
				2F5BE9F820342AC000DB3657 /* Info.plist */,
			);
			path = "hello-worldTests";
			sourceTree = "<group>";
		};
		2F5BEA0020342AC000DB3657 /* hello-worldUITests */ = {
			isa = PBXGroup;
			children = (
				2F5BEA0120342AC000DB3657 /* hello_worldUITests.swift */,
				2F5BEA0320342AC000DB3657 /* Info.plist */,
			);
			path = "hello-worldUITests";
			sourceTree = "<group>";
		};
/* End PBXGroup section */

/* Begin PBXNativeTarget section */
		2F5BE9DD20342AC000DB3657 /* hello-world */ = {
			isa = PBXNativeTarget;
			buildConfigurationList = 2F5BEA0620342AC000DB3657 /* Build configuration list for PBXNativeTarget "hello-world" */;
			buildPhases = (
				2F5BE9DA20342AC000DB3657 /* Sources */,
				2F5BE9DB20342AC000DB3657 /* Frameworks */,
				2F5BE9DC20342AC000DB3657 /* Resources */,
			);
			buildRules = (
			);
			dependencies = (
			);
			name = "hello-world";
			productName = "hello-world";
			productReference = 2F5BE9DE20342AC000DB3657 /* hello-world.app */;
			productType = "com.apple.product-type.application";
		};
		2F5BE9F120342AC000DB3657 /* hello-worldTests */ = {
			isa = PBXNativeTarget;
			buildConfigurationList = 2F5BEA0920342AC000DB3657 /* Build configuration list for PBXNativeTarget "hello-worldTests" */;
			buildPhases = (
				2F5BE9EE20342AC000DB3657 /* Sources */,
				2F5BE9EF20342AC000DB3657 /* Frameworks */,
				2F5BE9F020342AC000DB3657 /* Resources */,
			);
			buildRules = (
			);
			dependencies = (
				2F5BE9F420342AC000DB3657 /* PBXTargetDependency */,
			);
			name = "hello-worldTests";
			productName = "hello-worldTests";
			productReference = 2F5BE9F220342AC000DB3657 /* hello-worldTests.xctest */;
			productType = "com.apple.product-type.bundle.unit-test";
		};
		2F5BE9FC20342AC000DB3657 /* hello-worldUITests */ = {
			isa = PBXNativeTarget;
			buildConfigurationList = 2F5BEA0C20342AC000DB3657 /* Build configuration list for PBXNativeTarget "hello-worldUITests" */;
			buildPhases = (
				2F5BE9F920342AC000DB3657 /* Sources */,
				2F5BE9FA20342AC000DB3657 /* Frameworks */,
				2F5BE9FB20342AC000DB3657 /* Resources */,
			);
			buildRules = (
			);
			dependencies = (
				2F5BE9FF20342AC000DB3657 /* PBXTargetDependency */,
			);
			name = "hello-worldUITests";
			productName = "hello-worldUITests";
			productReference = 2F5BE9FD20342AC000DB3657 /* hello-worldUITests.xctest */;
			productType = "com.apple.product-type.bundle.ui-testing";
		};
/* End PBXNativeTarget section */

/* Begin PBXProject section */
		2F5BE9D620342AC000DB3657 /* Project object */ = {
			isa = PBXProject;
			attributes = {
				LastSwiftUpdateCheck = 0920;
				LastUpgradeCheck = 0920;
				ORGANIZATIONNAME = cyozin;
				TargetAttributes = {
					2F5BE9DD20342AC000DB3657 = {
						CreatedOnToolsVersion = 9.2;
						ProvisioningStyle = Automatic;
					};
					2F5BE9F120342AC000DB3657 = {
						CreatedOnToolsVersion = 9.2;
						ProvisioningStyle = Automatic;
						TestTargetID = 2F5BE9DD20342AC000DB3657;
					};
					2F5BE9FC20342AC000DB3657 = {
						CreatedOnToolsVersion = 9.2;
						ProvisioningStyle = Automatic;
						TestTargetID = 2F5BE9DD20342AC000DB3657;
					};
				};
			};
			buildConfigurationList = 2F5BE9D920342AC000DB3657 /* Build configuration list for PBXProject "hello-world" */;
			compatibilityVersion = "Xcode 8.0";
			developmentRegion = en;
			hasScannedForEncodings = 0;
			knownRegions = (
				en,
				Base,
			);
			mainGroup = 2F5BE9D520342AC000DB3657;
			productRefGroup = 2F5BE9DF20342AC000DB3657 /* Products */;
			projectDirPath = "";
			projectRoot = "";
			targets = (
				2F5BE9DD20342AC000DB3657 /* hello-world */,
				2F5BE9F120342AC000DB3657 /* hello-worldTests */,
				2F5BE9FC20342AC000DB3657 /* hello-worldUITests */,
			);
		};
/* End PBXProject section */

/* Begin PBXResourcesBuildPhase section */
		2F5BE9DC20342AC000DB3657 /* Resources */ = {
			isa = PBXResourcesBuildPhase;
			buildActionMask = 2147483647;
			files = (
				2F5BE9EC20342AC000DB3657 /* LaunchScreen.storyboard in Resources */,
				2F5BE9E920342AC000DB3657 /* Assets.xcassets in Resources */,
				2F5BE9E720342AC000DB3657 /* Main.storyboard in Resources */,
			);
			runOnlyForDeploymentPostprocessing = 0;
		};
		2F5BE9F020342AC000DB3657 /* Resources */ = {
			isa = PBXResourcesBuildPhase;
			buildActionMask = 2147483647;
			files = (
			);
			runOnlyForDeploymentPostprocessing = 0;
		};
		2F5BE9FB20342AC000DB3657 /* Resources */ = {
			isa = PBXResourcesBuildPhase;
			buildActionMask = 2147483647;
			files = (
			);
			runOnlyForDeploymentPostprocessing = 0;
		};
/* End PBXResourcesBuildPhase section */

/* Begin PBXSourcesBuildPhase section */
		2F5BE9DA20342AC000DB3657 /* Sources */ = {
			isa = PBXSourcesBuildPhase;
			buildActionMask = 2147483647;
			files = (
				2F5BE9E420342AC000DB3657 /* ViewController.swift in Sources */,
				2F5BE9E220342AC000DB3657 /* AppDelegate.swift in Sources */,
			);
			runOnlyForDeploymentPostprocessing = 0;
		};
		2F5BE9EE20342AC000DB3657 /* Sources */ = {
			isa = PBXSourcesBuildPhase;
			buildActionMask = 2147483647;
			files = (
				2F5BE9F720342AC000DB3657 /* hello_worldTests.swift in Sources */,
			);
			runOnlyForDeploymentPostprocessing = 0;
		};
		2F5BE9F920342AC000DB3657 /* Sources */ = {
			isa = PBXSourcesBuildPhase;
			buildActionMask = 2147483647;
			files = (
				2F5BEA0220342AC000DB3657 /* hello_worldUITests.swift in Sources */,
			);
			runOnlyForDeploymentPostprocessing = 0;
		};
/* End PBXSourcesBuildPhase section */

/* Begin PBXTargetDependency section */
		2F5BE9F420342AC000DB3657 /* PBXTargetDependency */ = {
			isa = PBXTargetDependency;
			target = 2F5BE9DD20342AC000DB3657 /* hello-world */;
			targetProxy = 2F5BE9F320342AC000DB3657 /* PBXContainerItemProxy */;
		};
		2F5BE9FF20342AC000DB3657 /* PBXTargetDependency */ = {
			isa = PBXTargetDependency;
			target = 2F5BE9DD20342AC000DB3657 /* hello-world */;
			targetProxy = 2F5BE9FE20342AC000DB3657 /* PBXContainerItemProxy */;
		};
/* End PBXTargetDependency section */

/* Begin PBXVariantGroup section */
		2F5BE9E520342AC000DB3657 /* Main.storyboard */ = {
			isa = PBXVariantGroup;
			children = (
				2F5BE9E620342AC000DB3657 /* Base */,
			);
			name = Main.storyboard;
			sourceTree = "<group>";
		};
		2F5BE9EA20342AC000DB3657 /* LaunchScreen.storyboard */ = {
			isa = PBXVariantGroup;
			children = (
				2F5BE9EB20342AC000DB3657 /* Base */,
			);
			name = LaunchScreen.storyboard;
			sourceTree = "<group>";
		};
/* End PBXVariantGroup section */

/* Begin XCBuildConfiguration section */
		2F5BEA0420342AC000DB3657 /* Debug */ = {
			isa = XCBuildConfiguration;
			buildSettings = {
				ALWAYS_SEARCH_USER_PATHS = NO;
				CLANG_ANALYZER_NONNULL = YES;
				CLANG_ANALYZER_NUMBER_OBJECT_CONVERSION = YES_AGGRESSIVE;
				CLANG_CXX_LANGUAGE_STANDARD = "gnu++14";
				CLANG_CXX_LIBRARY = "libc++";
				CLANG_ENABLE_MODULES = YES;
				CLANG_ENABLE_OBJC_ARC = YES;
				CLANG_WARN_BLOCK_CAPTURE_AUTORELEASING = YES;
				CLANG_WARN_BOOL_CONVERSION = YES;
				CLANG_WARN_COMMA = YES;
				CLANG_WARN_CONSTANT_CONVERSION = YES;
				CLANG_WARN_DIRECT_OBJC_ISA_USAGE = YES_ERROR;
				CLANG_WARN_DOCUMENTATION_COMMENTS = YES;
				CLANG_WARN_EMPTY_BODY = YES;
				CLANG_WARN_ENUM_CONVERSION = YES;
				CLANG_WARN_INFINITE_RECURSION = YES;
				CLANG_WARN_INT_CONVERSION = YES;
				CLANG_WARN_NON_LITERAL_NULL_CONVERSION = YES;
				CLANG_WARN_OBJC_LITERAL_CONVERSION = YES;
				CLANG_WARN_OBJC_ROOT_CLASS = YES_ERROR;
				CLANG_WARN_RANGE_LOOP_ANALYSIS = YES;
				CLANG_WARN_STRICT_PROTOTYPES = YES;
				CLANG_WARN_SUSPICIOUS_MOVE = YES;
				CLANG_WARN_UNGUARDED_AVAILABILITY = YES_AGGRESSIVE;
				CLANG_WARN_UNREACHABLE_CODE = YES;
				CLANG_WARN__DUPLICATE_METHOD_MATCH = YES;
				CODE_SIGN_IDENTITY = "iPhone Developer";
				COPY_PHASE_STRIP = NO;
				DEBUG_INFORMATION_FORMAT = dwarf;
				ENABLE_STRICT_OBJC_MSGSEND = YES;
				ENABLE_TESTABILITY = YES;
				GCC_C_LANGUAGE_STANDARD = gnu11;
				GCC_DYNAMIC_NO_PIC = NO;
				GCC_NO_COMMON_BLOCKS = YES;
				GCC_OPTIMIZATION_LEVEL = 0;
				GCC_PREPROCESSOR_DEFINITIONS = (
					"DEBUG=1",
					"$(inherited)",
				);
				GCC_WARN_64_TO_32_BIT_CONVERSION = YES;
				GCC_WARN_ABOUT_RETURN_TYPE = YES_ERROR;
				GCC_WARN_UNDECLARED_SELECTOR = YES;
				GCC_WARN_UNINITIALIZED_AUTOS = YES_AGGRESSIVE;
				GCC_WARN_UNUSED_FUNCTION = YES;
				GCC_WARN_UNUSED_VARIABLE = YES;
				IPHONEOS_DEPLOYMENT_TARGET = 11.2;
				MTL_ENABLE_DEBUG_INFO = YES;
				ONLY_ACTIVE_ARCH = YES;
				SDKROOT = iphoneos;
				SWIFT_ACTIVE_COMPILATION_CONDITIONS = DEBUG;
				SWIFT_OPTIMIZATION_LEVEL = "-Onone";
			};
			name = Debug;
		};
		2F5BEA0520342AC000DB3657 /* Release */ = {
			isa = XCBuildConfiguration;
			buildSettings = {
				ALWAYS_SEARCH_USER_PATHS = NO;
				CLANG_ANALYZER_NONNULL = YES;
				CLANG_ANALYZER_NUMBER_OBJECT_CONVERSION = YES_AGGRESSIVE;
				CLANG_CXX_LANGUAGE_STANDARD = "gnu++14";
				CLANG_CXX_LIBRARY = "libc++";
				CLANG_ENABLE_MODULES = YES;
				CLANG_ENABLE_OBJC_ARC = YES;
				CLANG_WARN_BLOCK_CAPTURE_AUTORELEASING = YES;
				CLANG_WARN_BOOL_CONVERSION = YES;
				CLANG_WARN_COMMA = YES;
				CLANG_WARN_CONSTANT_CONVERSION = YES;
				CLANG_WARN_DIRECT_OBJC_ISA_USAGE = YES_ERROR;
				CLANG_WARN_DOCUMENTATION_COMMENTS = YES;
				CLANG_WARN_EMPTY_BODY = YES;
				CLANG_WARN_ENUM_CONVERSION = YES;
				CLANG_WARN_INFINITE_RECURSION = YES;
				CLANG_WARN_INT_CONVERSION = YES;
				CLANG_WARN_NON_LITERAL_NULL_CONVERSION = YES;
				CLANG_WARN_OBJC_LITERAL_CONVERSION = YES;
				CLANG_WARN_OBJC_ROOT_CLASS = YES_ERROR;
				CLANG_WARN_RANGE_LOOP_ANALYSIS = YES;
				CLANG_WARN_STRICT_PROTOTYPES = YES;
				CLANG_WARN_SUSPICIOUS_MOVE = YES;
				CLANG_WARN_UNGUARDED_AVAILABILITY = YES_AGGRESSIVE;
				CLANG_WARN_UNREACHABLE_CODE = YES;
				CLANG_WARN__DUPLICATE_METHOD_MATCH = YES;
				CODE_SIGN_IDENTITY = "iPhone Developer";
				COPY_PHASE_STRIP = NO;
				DEBUG_INFORMATION_FORMAT = "dwarf-with-dsym";
				ENABLE_NS_ASSERTIONS = NO;
				ENABLE_STRICT_OBJC_MSGSEND = YES;
				GCC_C_LANGUAGE_STANDARD = gnu11;
				GCC_NO_COMMON_BLOCKS = YES;
				GCC_WARN_64_TO_32_BIT_CONVERSION = YES;
				GCC_WARN_ABOUT_RETURN_TYPE = YES_ERROR;
				GCC_WARN_UNDECLARED_SELECTOR = YES;
				GCC_WARN_UNINITIALIZED_AUTOS = YES_AGGRESSIVE;
				GCC_WARN_UNUSED_FUNCTION = YES;
				GCC_WARN_UNUSED_VARIABLE = YES;
				IPHONEOS_DEPLOYMENT_TARGET = 11.2;
				MTL_ENABLE_DEBUG_INFO = NO;
				SDKROOT = iphoneos;
				SWIFT_OPTIMIZATION_LEVEL = "-Owholemodule";
				VALIDATE_PRODUCT = YES;
			};
			name = Release;
		};
		2F5BEA0720342AC000DB3657 /* Debug */ = {
			isa = XCBuildConfiguration;
			buildSettings = {
				ASSETCATALOG_COMPILER_APPICON_NAME = AppIcon;
				CODE_SIGN_STYLE = Automatic;
				DEVELOPMENT_TEAM = CK2LA9DAV5;
				INFOPLIST_FILE = "hello-world/Info.plist";
				LD_RUNPATH_SEARCH_PATHS = "$(inherited) @executable_path/Frameworks";
				PRODUCT_BUNDLE_IDENTIFIER = "catface.hello-world";
				PRODUCT_NAME = "$(TARGET_NAME)";
				SWIFT_VERSION = 4.0;
				TARGETED_DEVICE_FAMILY = "1,2";
			};
			name = Debug;
		};
		2F5BEA0820342AC000DB3657 /* Release */ = {
			isa = XCBuildConfiguration;
			buildSettings = {
				ASSETCATALOG_COMPILER_APPICON_NAME = AppIcon;
				CODE_SIGN_STYLE = Automatic;
				DEVELOPMENT_TEAM = CK2LA9DAV5;
				INFOPLIST_FILE = "hello-world/Info.plist";
				LD_RUNPATH_SEARCH_PATHS = "$(inherited) @executable_path/Frameworks";
				PRODUCT_BUNDLE_IDENTIFIER = "catface.hello-world";
				PRODUCT_NAME = "$(TARGET_NAME)";
				SWIFT_VERSION = 4.0;
				TARGETED_DEVICE_FAMILY = "1,2";
			};
			name = Release;
		};
		2F5BEA0A20342AC000DB3657 /* Debug */ = {
			isa = XCBuildConfiguration;
			buildSettings = {
				ALWAYS_EMBED_SWIFT_STANDARD_LIBRARIES = YES;
				BUNDLE_LOADER = "$(TEST_HOST)";
				CODE_SIGN_STYLE = Automatic;
				INFOPLIST_FILE = "hello-worldTests/Info.plist";
				LD_RUNPATH_SEARCH_PATHS = "$(inherited) @executable_path/Frameworks @loader_path/Frameworks";
				PRODUCT_BUNDLE_IDENTIFIER = "catface.hello-worldTests";
				PRODUCT_NAME = "$(TARGET_NAME)";
				SWIFT_VERSION = 4.0;
				TARGETED_DEVICE_FAMILY = "1,2";
				TEST_HOST = "$(BUILT_PRODUCTS_DIR)/hello-world.app/hello-world";
			};
			name = Debug;
		};
		2F5BEA0B20342AC000DB3657 /* Release */ = {
			isa = XCBuildConfiguration;
			buildSettings = {
				ALWAYS_EMBED_SWIFT_STANDARD_LIBRARIES = YES;
				BUNDLE_LOADER = "$(TEST_HOST)";
				CODE_SIGN_STYLE = Automatic;
				INFOPLIST_FILE = "hello-worldTests/Info.plist";
				LD_RUNPATH_SEARCH_PATHS = "$(inherited) @executable_path/Frameworks @loader_path/Frameworks";
				PRODUCT_BUNDLE_IDENTIFIER = "catface.hello-worldTests";
				PRODUCT_NAME = "$(TARGET_NAME)";
				SWIFT_VERSION = 4.0;
				TARGETED_DEVICE_FAMILY = "1,2";
				TEST_HOST = "$(BUILT_PRODUCTS_DIR)/hello-world.app/hello-world";
			};
			name = Release;
		};
		2F5BEA0D20342AC000DB3657 /* Debug */ = {
			isa = XCBuildConfiguration;
			buildSettings = {
				ALWAYS_EMBED_SWIFT_STANDARD_LIBRARIES = YES;
				CODE_SIGN_STYLE = Automatic;
				INFOPLIST_FILE = "hello-worldUITests/Info.plist";
				LD_RUNPATH_SEARCH_PATHS = "$(inherited) @executable_path/Frameworks @loader_path/Frameworks";
				PRODUCT_BUNDLE_IDENTIFIER = "catface.hello-worldUITests";
				PRODUCT_NAME = "$(TARGET_NAME)";
				SWIFT_VERSION = 4.0;
				TARGETED_DEVICE_FAMILY = "1,2";
				TEST_TARGET_NAME = "hello-world";
			};
			name = Debug;
		};
		2F5BEA0E20342AC000DB3657 /* Release */ = {
			isa = XCBuildConfiguration;
			buildSettings = {
				ALWAYS_EMBED_SWIFT_STANDARD_LIBRARIES = YES;
				CODE_SIGN_STYLE = Automatic;
				INFOPLIST_FILE = "hello-worldUITests/Info.plist";
				LD_RUNPATH_SEARCH_PATHS = "$(inherited) @executable_path/Frameworks @loader_path/Frameworks";
				PRODUCT_BUNDLE_IDENTIFIER = "catface.hello-worldUITests";
				PRODUCT_NAME = "$(TARGET_NAME)";
				SWIFT_VERSION = 4.0;
				TARGETED_DEVICE_FAMILY = "1,2";
				TEST_TARGET_NAME = "hello-world";
			};
			name = Release;
		};
/* End XCBuildConfiguration section */

/* Begin XCConfigurationList section */
		2F5BE9D920342AC000DB3657 /* Build configuration list for PBXProject "hello-world" */ = {
			isa = XCConfigurationList;
			buildConfigurations = (
				2F5BEA0420342AC000DB3657 /* Debug */,
				2F5BEA0520342AC000DB3657 /* Release */,
			);
			defaultConfigurationIsVisible = 0;
			defaultConfigurationName = Release;
		};
		2F5BEA0620342AC000DB3657 /* Build configuration list for PBXNativeTarget "hello-world" */ = {
			isa = XCConfigurationList;
			buildConfigurations = (
				2F5BEA0720342AC000DB3657 /* Debug */,
				2F5BEA0820342AC000DB3657 /* Release */,
			);
			defaultConfigurationIsVisible = 0;
			defaultConfigurationName = Release;
		};
		2F5BEA0920342AC000DB3657 /* Build configuration list for PBXNativeTarget "hello-worldTests" */ = {
			isa = XCConfigurationList;
			buildConfigurations = (
				2F5BEA0A20342AC000DB3657 /* Debug */,
				2F5BEA0B20342AC000DB3657 /* Release */,
			);
			defaultConfigurationIsVisible = 0;
			defaultConfigurationName = Release;
		};
		2F5BEA0C20342AC000DB3657 /* Build configuration list for PBXNativeTarget "hello-worldUITests" */ = {
			isa = XCConfigurationList;
			buildConfigurations = (
				2F5BEA0D20342AC000DB3657 /* Debug */,
				2F5BEA0E20342AC000DB3657 /* Release */,
			);
			defaultConfigurationIsVisible = 0;
			defaultConfigurationName = Release;
		};
/* End XCConfigurationList section */
	};
	rootObject = 2F5BE9D620342AC000DB3657 /* Project object */;
}
